Microsoft Visual Studio Solution File, Format Version 12.00
# Visual Studio Version 17
VisualStudioVersion = 17.5.2.0
MinimumVisualStudioVersion = 10.0.40219.1
Project("{FAE04EC0-301F-11D3-BF4B-00C04F79EFBC}") = "250216_Climate", "250216_Climate.csproj", "{3A6E924F-5E8A-3505-41C1-2C6EBC02B47D}"
EndProject
Global
	GlobalSection(SolutionConfigurationPlatforms) = preSolution
		Debug|Any CPU = Debug|Any CPU
		Release|Any CPU = Release|Any CPU
	EndGlobalSection
	GlobalSection(ProjectConfigurationPlatforms) = postSolution
		{3A6E924F-5E8A-3505-41C1-2C6EBC02B47D}.Debug|Any CPU.ActiveCfg = Debug|Any CPU
		{3A6E924F-5E8A-3505-41C1-2C6EBC02B47D}.Debug|Any CPU.Build.0 = Debug|Any CPU
		{3A6E924F-5E8A-3505-41C1-2C6EBC02B47D}.Release|Any CPU.ActiveCfg = Release|Any CPU
		{3A6E924F-5E8A-3505-41C1-2C6EBC02B47D}.Release|Any CPU.Build.0 = Release|Any CPU
	EndGlobalSection
	GlobalSection(SolutionProperties) = preSolution
		HideSolutionNode = FALSE
	EndGlobalSection
	GlobalSection(ExtensibilityGlobals) = postSolution
		SolutionGuid = {3E64E5F4-87E4-4614-9606-D61C3282D689}
	EndGlobalSection
EndGlobal
